
Microsoft Visual Studio Solution File, Format Version 12.00
# Visual Studio 15
VisualStudioVersion = 15.0.28010.2016
MinimumVisualStudioVersion = 10.0.40219.1
Project("{FAE04EC0-301F-11D3-BF4B-00C04F79EFBC}") = "COMconnection_CUI", "COMconnection_CUI\COMconnection_CUI.csproj", "{A7002A4A-7910-4B73-B01A-D33348BC6830}"
EndProject
Global
	GlobalSection(SolutionConfigurationPlatforms) = preSolution
		Debug|Any CPU = Debug|Any CPU
		Release|Any CPU = Release|Any CPU
	EndGlobalSection
	GlobalSection(ProjectConfigurationPlatforms) = postSolution
		{A7002A4A-7910-4B73-B01A-D33348BC6830}.Debug|Any CPU.ActiveCfg = Debug|Any CPU
		{A7002A4A-7910-4B73-B01A-D33348BC6830}.Debug|Any CPU.Build.0 = Debug|Any CPU
		{A7002A4A-7910-4B73-B01A-D33348BC6830}.Release|Any CPU.ActiveCfg = Release|Any CPU
		{A7002A4A-7910-4B73-B01A-D33348BC6830}.Release|Any CPU.Build.0 = Release|Any CPU
	EndGlobalSection
	GlobalSection(SolutionProperties) = preSolution
		HideSolutionNode = FALSE
	EndGlobalSection
	GlobalSection(ExtensibilityGlobals) = postSolution
		SolutionGuid = {83465008-7661-4193-A630-A3081DB7A022}
	EndGlobalSection
EndGlobal
